// !$*UTF8*$!
{
	archiveVersion = 1;
	classes = {
	};
	objectVersion = 51;
	objects = {

/* Begin PBXBuildFile section */
		0127BADB2460D09D00411C81 /* QuickStartViewController.swift in Sources */ = {isa = PBXBuildFile; fileRef = 0127BADA2460D09D00411C81 /* QuickStartViewController.swift */; };
		0127BADD2460D37200411C81 /* SigninViewController.swift in Sources */ = {isa = PBXBuildFile; fileRef = 0127BADC2460D37200411C81 /* SigninViewController.swift */; };
		0127BADF2460D38000411C81 /* LoginViewController.swift in Sources */ = {isa = PBXBuildFile; fileRef = 0127BADE2460D38000411C81 /* LoginViewController.swift */; };
		012EB349245FCB230097AC7C /* AppDelegate.swift in Sources */ = {isa = PBXBuildFile; fileRef = 012EB348245FCB230097AC7C /* AppDelegate.swift */; };
		012EB34B245FCB230097AC7C /* SceneDelegate.swift in Sources */ = {isa = PBXBuildFile; fileRef = 012EB34A245FCB230097AC7C /* SceneDelegate.swift */; };
		012EB34D245FCB230097AC7C /* MapViewController.swift in Sources */ = {isa = PBXBuildFile; fileRef = 012EB34C245FCB230097AC7C /* MapViewController.swift */; };
		012EB34F245FCB230097AC7C /* SecondViewController.swift in Sources */ = {isa = PBXBuildFile; fileRef = 012EB34E245FCB230097AC7C /* SecondViewController.swift */; };
		012EB352245FCB230097AC7C /* Main.storyboard in Resources */ = {isa = PBXBuildFile; fileRef = 012EB350245FCB230097AC7C /* Main.storyboard */; };
		012EB354245FCB250097AC7C /* Assets.xcassets in Resources */ = {isa = PBXBuildFile; fileRef = 012EB353245FCB250097AC7C /* Assets.xcassets */; };
		012EB357245FCB250097AC7C /* LaunchScreen.storyboard in Resources */ = {isa = PBXBuildFile; fileRef = 012EB355245FCB250097AC7C /* LaunchScreen.storyboard */; };
		012EB362245FCB250097AC7C /* RarefinderTests.swift in Sources */ = {isa = PBXBuildFile; fileRef = 012EB361245FCB250097AC7C /* RarefinderTests.swift */; };
		012EB36D245FCB250097AC7C /* RarefinderUITests.swift in Sources */ = {isa = PBXBuildFile; fileRef = 012EB36C245FCB250097AC7C /* RarefinderUITests.swift */; };
		012EB37B245FCE030097AC7C /* GoogleService-Info.plist in Resources */ = {isa = PBXBuildFile; fileRef = 012EB37A245FCE030097AC7C /* GoogleService-Info.plist */; };
		012ED1D624626551000696CB /* DbProvider.swift in Sources */ = {isa = PBXBuildFile; fileRef = 012ED1D524626551000696CB /* DbProvider.swift */; };
		01415F992460F16900F2BAD7 /* Constants.swift in Sources */ = {isa = PBXBuildFile; fileRef = 01415F982460F16900F2BAD7 /* Constants.swift */; };
		01415F9E2460F64100F2BAD7 /* AuthProvider.swift in Sources */ = {isa = PBXBuildFile; fileRef = 01415F9D2460F64100F2BAD7 /* AuthProvider.swift */; };
		01415FA22460F6EF00F2BAD7 /* Alerts.swift in Sources */ = {isa = PBXBuildFile; fileRef = 01415FA12460F6EF00F2BAD7 /* Alerts.swift */; };
		01415FA42460F6FF00F2BAD7 /* Checkmark.swift in Sources */ = {isa = PBXBuildFile; fileRef = 01415FA32460F6FF00F2BAD7 /* Checkmark.swift */; };
		7B2FD4E7A721D9EF1E156389 /* Pods_RarefinderTests.framework in Frameworks */ = {isa = PBXBuildFile; fileRef = 46643B6EE9DCE3780C39B94C /* Pods_RarefinderTests.framework */; };
		B9D36AC894CC4637EA48FCB9 /* Pods_Rarefinder_RarefinderUITests.framework in Frameworks */ = {isa = PBXBuildFile; fileRef = 464E7AC9933E21BBBCE7599E /* Pods_Rarefinder_RarefinderUITests.framework */; };
		C8ED0C8A5314B6486D2DF1D9 /* Pods_Rarefinder.framework in Frameworks */ = {isa = PBXBuildFile; fileRef = 5014AE6E6D50D0EA527D2798 /* Pods_Rarefinder.framework */; };
/* End PBXBuildFile section */

/* Begin PBXContainerItemProxy section */
		012EB35E245FCB250097AC7C /* PBXContainerItemProxy */ = {
			isa = PBXContainerItemProxy;
			containerPortal = 012EB33D245FCB230097AC7C /* Project object */;
			proxyType = 1;
			remoteGlobalIDString = 012EB344245FCB230097AC7C;
			remoteInfo = Rarefinder;
		};
		012EB369245FCB250097AC7C /* PBXContainerItemProxy */ = {
			isa = PBXContainerItemProxy;
			containerPortal = 012EB33D245FCB230097AC7C /* Project object */;
			proxyType = 1;
			remoteGlobalIDString = 012EB344245FCB230097AC7C;
			remoteInfo = Rarefinder;
		};
/* End PBXContainerItemProxy section */

/* Begin PBXFileReference section */
		010046881811D46A6649DE10 /* Pods-RarefinderTests.debug.xcconfig */ = {isa = PBXFileReference; includeInIndex = 1; lastKnownFileType = text.xcconfig; name = "Pods-RarefinderTests.debug.xcconfig"; path = "Target Support Files/Pods-RarefinderTests/Pods-RarefinderTests.debug.xcconfig"; sourceTree = "<group>"; };
		0127BADA2460D09D00411C81 /* QuickStartViewController.swift */ = {isa = PBXFileReference; lastKnownFileType = sourcecode.swift; path = QuickStartViewController.swift; sourceTree = "<group>"; };
		0127BADC2460D37200411C81 /* SigninViewController.swift */ = {isa = PBXFileReference; lastKnownFileType = sourcecode.swift; path = SigninViewController.swift; sourceTree = "<group>"; };
		0127BADE2460D38000411C81 /* LoginViewController.swift */ = {isa = PBXFileReference; lastKnownFileType = sourcecode.swift; path = LoginViewController.swift; sourceTree = "<group>"; };
		012EB345245FCB230097AC7C /* Rarefinder.app */ = {isa = PBXFileReference; explicitFileType = wrapper.application; includeInIndex = 0; path = Rarefinder.app; sourceTree = BUILT_PRODUCTS_DIR; };
		012EB348245FCB230097AC7C /* AppDelegate.swift */ = {isa = PBXFileReference; lastKnownFileType = sourcecode.swift; path = AppDelegate.swift; sourceTree = "<group>"; };
		012EB34A245FCB230097AC7C /* SceneDelegate.swift */ = {isa = PBXFileReference; lastKnownFileType = sourcecode.swift; path = SceneDelegate.swift; sourceTree = "<group>"; };
		012EB34C245FCB230097AC7C /* MapViewController.swift */ = {isa = PBXFileReference; lastKnownFileType = sourcecode.swift; path = MapViewController.swift; sourceTree = "<group>"; };
		012EB34E245FCB230097AC7C /* SecondViewController.swift */ = {isa = PBXFileReference; lastKnownFileType = sourcecode.swift; path = SecondViewController.swift; sourceTree = "<group>"; };
		012EB351245FCB230097AC7C /* Base */ = {isa = PBXFileReference; lastKnownFileType = file.storyboard; name = Base; path = Base.lproj/Main.storyboard; sourceTree = "<group>"; };
		012EB353245FCB250097AC7C /* Assets.xcassets */ = {isa = PBXFileReference; lastKnownFileType = folder.assetcatalog; path = Assets.xcassets; sourceTree = "<group>"; };
		012EB356245FCB250097AC7C /* Base */ = {isa = PBXFileReference; lastKnownFileType = file.storyboard; name = Base; path = Base.lproj/LaunchScreen.storyboard; sourceTree = "<group>"; };
		012EB358245FCB250097AC7C /* Info.plist */ = {isa = PBXFileReference; lastKnownFileType = text.plist.xml; path = Info.plist; sourceTree = "<group>"; };
		012EB35D245FCB250097AC7C /* RarefinderTests.xctest */ = {isa = PBXFileReference; explicitFileType = wrapper.cfbundle; includeInIndex = 0; path = RarefinderTests.xctest; sourceTree = BUILT_PRODUCTS_DIR; };
		012EB361245FCB250097AC7C /* RarefinderTests.swift */ = {isa = PBXFileReference; lastKnownFileType = sourcecode.swift; path = RarefinderTests.swift; sourceTree = "<group>"; };
		012EB363245FCB250097AC7C /* Info.plist */ = {isa = PBXFileReference; lastKnownFileType = text.plist.xml; path = Info.plist; sourceTree = "<group>"; };
		012EB368245FCB250097AC7C /* RarefinderUITests.xctest */ = {isa = PBXFileReference; explicitFileType = wrapper.cfbundle; includeInIndex = 0; path = RarefinderUITests.xctest; sourceTree = BUILT_PRODUCTS_DIR; };
		012EB36C245FCB250097AC7C /* RarefinderUITests.swift */ = {isa = PBXFileReference; lastKnownFileType = sourcecode.swift; path = RarefinderUITests.swift; sourceTree = "<group>"; };
		012EB36E245FCB250097AC7C /* Info.plist */ = {isa = PBXFileReference; lastKnownFileType = text.plist.xml; path = Info.plist; sourceTree = "<group>"; };
		012EB37A245FCE030097AC7C /* GoogleService-Info.plist */ = {isa = PBXFileReference; fileEncoding = 4; lastKnownFileType = text.plist.xml; path = "GoogleService-Info.plist"; sourceTree = "<group>"; };
		012ED1D524626551000696CB /* DbProvider.swift */ = {isa = PBXFileReference; lastKnownFileType = sourcecode.swift; path = DbProvider.swift; sourceTree = "<group>"; };
		01415F982460F16900F2BAD7 /* Constants.swift */ = {isa = PBXFileReference; lastKnownFileType = sourcecode.swift; path = Constants.swift; sourceTree = "<group>"; };
		01415F9D2460F64100F2BAD7 /* AuthProvider.swift */ = {isa = PBXFileReference; lastKnownFileType = sourcecode.swift; path = AuthProvider.swift; sourceTree = "<group>"; };
		01415FA12460F6EF00F2BAD7 /* Alerts.swift */ = {isa = PBXFileReference; lastKnownFileType = sourcecode.swift; path = Alerts.swift; sourceTree = "<group>"; };
		01415FA32460F6FF00F2BAD7 /* Checkmark.swift */ = {isa = PBXFileReference; lastKnownFileType = sourcecode.swift; path = Checkmark.swift; sourceTree = "<group>"; };
		34DDDBCFB9B64FF5CAE077EC /* Pods-Rarefinder.release.xcconfig */ = {isa = PBXFileReference; includeInIndex = 1; lastKnownFileType = text.xcconfig; name = "Pods-Rarefinder.release.xcconfig"; path = "Target Support Files/Pods-Rarefinder/Pods-Rarefinder.release.xcconfig"; sourceTree = "<group>"; };
		39BBAE6127E38688B36EF94F /* Pods-Rarefinder-RarefinderUITests.debug.xcconfig */ = {isa = PBXFileReference; includeInIndex = 1; lastKnownFileType = text.xcconfig; name = "Pods-Rarefinder-RarefinderUITests.debug.xcconfig"; path = "Target Support Files/Pods-Rarefinder-RarefinderUITests/Pods-Rarefinder-RarefinderUITests.debug.xcconfig"; sourceTree = "<group>"; };
		464E7AC9933E21BBBCE7599E /* Pods_Rarefinder_RarefinderUITests.framework */ = {isa = PBXFileReference; explicitFileType = wrapper.framework; includeInIndex = 0; path = Pods_Rarefinder_RarefinderUITests.framework; sourceTree = BUILT_PRODUCTS_DIR; };
		46643B6EE9DCE3780C39B94C /* Pods_RarefinderTests.framework */ = {isa = PBXFileReference; explicitFileType = wrapper.framework; includeInIndex = 0; path = Pods_RarefinderTests.framework; sourceTree = BUILT_PRODUCTS_DIR; };
		5014AE6E6D50D0EA527D2798 /* Pods_Rarefinder.framework */ = {isa = PBXFileReference; explicitFileType = wrapper.framework; includeInIndex = 0; path = Pods_Rarefinder.framework; sourceTree = BUILT_PRODUCTS_DIR; };
		54D879641626A8E6123826B0 /* Pods-RarefinderTests.release.xcconfig */ = {isa = PBXFileReference; includeInIndex = 1; lastKnownFileType = text.xcconfig; name = "Pods-RarefinderTests.release.xcconfig"; path = "Target Support Files/Pods-RarefinderTests/Pods-RarefinderTests.release.xcconfig"; sourceTree = "<group>"; };
		8CFB4C7274F8EA7C22381C76 /* Pods-Rarefinder.debug.xcconfig */ = {isa = PBXFileReference; includeInIndex = 1; lastKnownFileType = text.xcconfig; name = "Pods-Rarefinder.debug.xcconfig"; path = "Target Support Files/Pods-Rarefinder/Pods-Rarefinder.debug.xcconfig"; sourceTree = "<group>"; };
		9A1425F029EA5526830B4473 /* Pods-Rarefinder-RarefinderUITests.release.xcconfig */ = {isa = PBXFileReference; includeInIndex = 1; lastKnownFileType = text.xcconfig; name = "Pods-Rarefinder-RarefinderUITests.release.xcconfig"; path = "Target Support Files/Pods-Rarefinder-RarefinderUITests/Pods-Rarefinder-RarefinderUITests.release.xcconfig"; sourceTree = "<group>"; };
/* End PBXFileReference section */

/* Begin PBXFrameworksBuildPhase section */
		012EB342245FCB230097AC7C /* Frameworks */ = {
			isa = PBXFrameworksBuildPhase;
			buildActionMask = 2147483647;
			files = (
				C8ED0C8A5314B6486D2DF1D9 /* Pods_Rarefinder.framework in Frameworks */,
			);
			runOnlyForDeploymentPostprocessing = 0;
		};
		012EB35A245FCB250097AC7C /* Frameworks */ = {
			isa = PBXFrameworksBuildPhase;
			buildActionMask = 2147483647;
			files = (
				7B2FD4E7A721D9EF1E156389 /* Pods_RarefinderTests.framework in Frameworks */,
			);
			runOnlyForDeploymentPostprocessing = 0;
		};
		012EB365245FCB250097AC7C /* Frameworks */ = {
			isa = PBXFrameworksBuildPhase;
			buildActionMask = 2147483647;
			files = (
				B9D36AC894CC4637EA48FCB9 /* Pods_Rarefinder_RarefinderUITests.framework in Frameworks */,
			);
			runOnlyForDeploymentPostprocessing = 0;
		};
/* End PBXFrameworksBuildPhase section */

/* Begin PBXGroup section */
		012EB33C245FCB230097AC7C = {
			isa = PBXGroup;
			children = (
				012EB347245FCB230097AC7C /* Rarefinder */,
				012EB360245FCB250097AC7C /* RarefinderTests */,
				012EB36B245FCB250097AC7C /* RarefinderUITests */,
				012EB346245FCB230097AC7C /* Products */,
				8A759855DD8305DEF5DD1428 /* Pods */,
				5C98C51891C22837DC2482AF /* Frameworks */,
			);
			sourceTree = "<group>";
		};
		012EB346245FCB230097AC7C /* Products */ = {
			isa = PBXGroup;
			children = (
				012EB345245FCB230097AC7C /* Rarefinder.app */,
				012EB35D245FCB250097AC7C /* RarefinderTests.xctest */,
				012EB368245FCB250097AC7C /* RarefinderUITests.xctest */,
			);
			name = Products;
			sourceTree = "<group>";
		};
		012EB347245FCB230097AC7C /* Rarefinder */ = {
			isa = PBXGroup;
			children = (
				01415FA02460F6DE00F2BAD7 /* Fundamentals */,
				01415F9F2460F6BD00F2BAD7 /* Controller */,
				01415F9C2460F5D600F2BAD7 /* Plugins */,
				01415F9A2460F5A700F2BAD7 /* View */,
				01415F9B2460F5C400F2BAD7 /* Model */,
				012EB348245FCB230097AC7C /* AppDelegate.swift */,
				012EB34A245FCB230097AC7C /* SceneDelegate.swift */,
				012EB350245FCB230097AC7C /* Main.storyboard */,
				012EB353245FCB250097AC7C /* Assets.xcassets */,
				012EB355245FCB250097AC7C /* LaunchScreen.storyboard */,
				012EB37A245FCE030097AC7C /* GoogleService-Info.plist */,
				012EB358245FCB250097AC7C /* Info.plist */,
			);
			path = Rarefinder;
			sourceTree = "<group>";
		};
		012EB360245FCB250097AC7C /* RarefinderTests */ = {
			isa = PBXGroup;
			children = (
				012EB361245FCB250097AC7C /* RarefinderTests.swift */,
				012EB363245FCB250097AC7C /* Info.plist */,
			);
			path = RarefinderTests;
			sourceTree = "<group>";
		};
		012EB36B245FCB250097AC7C /* RarefinderUITests */ = {
			isa = PBXGroup;
			children = (
				012EB36C245FCB250097AC7C /* RarefinderUITests.swift */,
				012EB36E245FCB250097AC7C /* Info.plist */,
			);
			path = RarefinderUITests;
			sourceTree = "<group>";
		};
		01415F9A2460F5A700F2BAD7 /* View */ = {
			isa = PBXGroup;
			children = (
				0127BADE2460D38000411C81 /* LoginViewController.swift */,
				0127BADC2460D37200411C81 /* SigninViewController.swift */,
				012EB34C245FCB230097AC7C /* MapViewController.swift */,
				012EB34E245FCB230097AC7C /* SecondViewController.swift */,
				0127BADA2460D09D00411C81 /* QuickStartViewController.swift */,
			);
			path = View;
			sourceTree = "<group>";
		};
		01415F9B2460F5C400F2BAD7 /* Model */ = {
			isa = PBXGroup;
			children = (
				01415F982460F16900F2BAD7 /* Constants.swift */,
			);
			path = Model;
			sourceTree = "<group>";
		};
		01415F9C2460F5D600F2BAD7 /* Plugins */ = {
			isa = PBXGroup;
			children = (
				01415F9D2460F64100F2BAD7 /* AuthProvider.swift */,
				012ED1D524626551000696CB /* DbProvider.swift */,
			);
			path = Plugins;
			sourceTree = "<group>";
		};
		01415F9F2460F6BD00F2BAD7 /* Controller */ = {
			isa = PBXGroup;
			children = (
			);
			path = Controller;
			sourceTree = "<group>";
		};
		01415FA02460F6DE00F2BAD7 /* Fundamentals */ = {
			isa = PBXGroup;
			children = (
				01415FA12460F6EF00F2BAD7 /* Alerts.swift */,
				01415FA32460F6FF00F2BAD7 /* Checkmark.swift */,
			);
			path = Fundamentals;
			sourceTree = "<group>";
		};
		5C98C51891C22837DC2482AF /* Frameworks */ = {
			isa = PBXGroup;
			children = (
				5014AE6E6D50D0EA527D2798 /* Pods_Rarefinder.framework */,
				464E7AC9933E21BBBCE7599E /* Pods_Rarefinder_RarefinderUITests.framework */,
				46643B6EE9DCE3780C39B94C /* Pods_RarefinderTests.framework */,
			);
			name = Frameworks;
			sourceTree = "<group>";
		};
		8A759855DD8305DEF5DD1428 /* Pods */ = {
			isa = PBXGroup;
			children = (
				8CFB4C7274F8EA7C22381C76 /* Pods-Rarefinder.debug.xcconfig */,
				34DDDBCFB9B64FF5CAE077EC /* Pods-Rarefinder.release.xcconfig */,
				39BBAE6127E38688B36EF94F /* Pods-Rarefinder-RarefinderUITests.debug.xcconfig */,
				9A1425F029EA5526830B4473 /* Pods-Rarefinder-RarefinderUITests.release.xcconfig */,
				010046881811D46A6649DE10 /* Pods-RarefinderTests.debug.xcconfig */,
				54D879641626A8E6123826B0 /* Pods-RarefinderTests.release.xcconfig */,
			);
			path = Pods;
			sourceTree = "<group>";
		};
/* End PBXGroup section */

/* Begin PBXNativeTarget section */
		012EB344245FCB230097AC7C /* Rarefinder */ = {
			isa = PBXNativeTarget;
			buildConfigurationList = 012EB371245FCB250097AC7C /* Build configuration list for PBXNativeTarget "Rarefinder" */;
			buildPhases = (
				FA534B46922CE17C440D50B8 /* [CP] Check Pods Manifest.lock */,
				012EB341245FCB230097AC7C /* Sources */,
				012EB342245FCB230097AC7C /* Frameworks */,
				012EB343245FCB230097AC7C /* Resources */,
				C1A94B765227CAE4C699C955 /* [CP] Embed Pods Frameworks */,
			);
			buildRules = (
			);
			dependencies = (
			);
			name = Rarefinder;
			productName = Rarefinder;
			productReference = 012EB345245FCB230097AC7C /* Rarefinder.app */;
			productType = "com.apple.product-type.application";
		};
		012EB35C245FCB250097AC7C /* RarefinderTests */ = {
			isa = PBXNativeTarget;
			buildConfigurationList = 012EB374245FCB250097AC7C /* Build configuration list for PBXNativeTarget "RarefinderTests" */;
			buildPhases = (
				451429F1D48E65A19E19F453 /* [CP] Check Pods Manifest.lock */,
				012EB359245FCB250097AC7C /* Sources */,
				012EB35A245FCB250097AC7C /* Frameworks */,
				012EB35B245FCB250097AC7C /* Resources */,
			);
			buildRules = (
			);
			dependencies = (
				012EB35F245FCB250097AC7C /* PBXTargetDependency */,
			);
			name = RarefinderTests;
			productName = RarefinderTests;
			productReference = 012EB35D245FCB250097AC7C /* RarefinderTests.xctest */;
			productType = "com.apple.product-type.bundle.unit-test";
		};
		012EB367245FCB250097AC7C /* RarefinderUITests */ = {
			isa = PBXNativeTarget;
			buildConfigurationList = 012EB377245FCB250097AC7C /* Build configuration list for PBXNativeTarget "RarefinderUITests" */;
			buildPhases = (
				AA0AB03ABBD768F68FA3B09F /* [CP] Check Pods Manifest.lock */,
				012EB364245FCB250097AC7C /* Sources */,
				012EB365245FCB250097AC7C /* Frameworks */,
				012EB366245FCB250097AC7C /* Resources */,
				365155639F855C05AFBEA2A5 /* [CP] Embed Pods Frameworks */,
			);
			buildRules = (
			);
			dependencies = (
				012EB36A245FCB250097AC7C /* PBXTargetDependency */,
			);
			name = RarefinderUITests;
			productName = RarefinderUITests;
			productReference = 012EB368245FCB250097AC7C /* RarefinderUITests.xctest */;
			productType = "com.apple.product-type.bundle.ui-testing";
		};
/* End PBXNativeTarget section */

/* Begin PBXProject section */
		012EB33D245FCB230097AC7C /* Project object */ = {
			isa = PBXProject;
			attributes = {
				LastSwiftUpdateCheck = 1130;
				LastUpgradeCheck = 1130;
				ORGANIZATIONNAME = "John Kinav";
				TargetAttributes = {
					012EB344245FCB230097AC7C = {
						CreatedOnToolsVersion = 11.3;
					};
					012EB35C245FCB250097AC7C = {
						CreatedOnToolsVersion = 11.3;
						TestTargetID = 012EB344245FCB230097AC7C;
					};
					012EB367245FCB250097AC7C = {
						CreatedOnToolsVersion = 11.3;
						TestTargetID = 012EB344245FCB230097AC7C;
					};
				};
			};
			buildConfigurationList = 012EB340245FCB230097AC7C /* Build configuration list for PBXProject "Rarefinder" */;
			compatibilityVersion = "Xcode 9.3";
			developmentRegion = en;
			hasScannedForEncodings = 0;
			knownRegions = (
				en,
				Base,
			);
			mainGroup = 012EB33C245FCB230097AC7C;
			productRefGroup = 012EB346245FCB230097AC7C /* Products */;
			projectDirPath = "";
			projectRoot = "";
			targets = (
				012EB344245FCB230097AC7C /* Rarefinder */,
				012EB35C245FCB250097AC7C /* RarefinderTests */,
				012EB367245FCB250097AC7C /* RarefinderUITests */,
			);
		};
/* End PBXProject section */

/* Begin PBXResourcesBuildPhase section */
		012EB343245FCB230097AC7C /* Resources */ = {
			isa = PBXResourcesBuildPhase;
			buildActionMask = 2147483647;
			files = (
				012EB357245FCB250097AC7C /* LaunchScreen.storyboard in Resources */,
				012EB37B245FCE030097AC7C /* GoogleService-Info.plist in Resources */,
				012EB354245FCB250097AC7C /* Assets.xcassets in Resources */,
				012EB352245FCB230097AC7C /* Main.storyboard in Resources */,
			);
			runOnlyForDeploymentPostprocessing = 0;
		};
		012EB35B245FCB250097AC7C /* Resources */ = {
			isa = PBXResourcesBuildPhase;
			buildActionMask = 2147483647;
			files = (
			);
			runOnlyForDeploymentPostprocessing = 0;
		};
		012EB366245FCB250097AC7C /* Resources */ = {
			isa = PBXResourcesBuildPhase;
			buildActionMask = 2147483647;
			files = (
			);
			runOnlyForDeploymentPostprocessing = 0;
		};
/* End PBXResourcesBuildPhase section */

/* Begin PBXShellScriptBuildPhase section */
		365155639F855C05AFBEA2A5 /* [CP] Embed Pods Frameworks */ = {
			isa = PBXShellScriptBuildPhase;
			buildActionMask = 2147483647;
			files = (
			);
			inputFileListPaths = (
				"${PODS_ROOT}/Target Support Files/Pods-Rarefinder-RarefinderUITests/Pods-Rarefinder-RarefinderUITests-frameworks-${CONFIGURATION}-input-files.xcfilelist",
			);
			name = "[CP] Embed Pods Frameworks";
			outputFileListPaths = (
				"${PODS_ROOT}/Target Support Files/Pods-Rarefinder-RarefinderUITests/Pods-Rarefinder-RarefinderUITests-frameworks-${CONFIGURATION}-output-files.xcfilelist",
			);
			runOnlyForDeploymentPostprocessing = 0;
			shellPath = /bin/sh;
			shellScript = "\"${PODS_ROOT}/Target Support Files/Pods-Rarefinder-RarefinderUITests/Pods-Rarefinder-RarefinderUITests-frameworks.sh\"\n";
			showEnvVarsInLog = 0;
		};
		451429F1D48E65A19E19F453 /* [CP] Check Pods Manifest.lock */ = {
			isa = PBXShellScriptBuildPhase;
			buildActionMask = 2147483647;
			files = (
			);
			inputFileListPaths = (
			);
			inputPaths = (
				"${PODS_PODFILE_DIR_PATH}/Podfile.lock",
				"${PODS_ROOT}/Manifest.lock",
			);
			name = "[CP] Check Pods Manifest.lock";
			outputFileListPaths = (
			);
			outputPaths = (
				"$(DERIVED_FILE_DIR)/Pods-RarefinderTests-checkManifestLockResult.txt",
			);
			runOnlyForDeploymentPostprocessing = 0;
			shellPath = /bin/sh;
			shellScript = "diff \"${PODS_PODFILE_DIR_PATH}/Podfile.lock\" \"${PODS_ROOT}/Manifest.lock\" > /dev/null\nif [ $? != 0 ] ; then\n    # print error to STDERR\n    echo \"error: The sandbox is not in sync with the Podfile.lock. Run 'pod install' or update your CocoaPods installation.\" >&2\n    exit 1\nfi\n# This output is used by Xcode 'outputs' to avoid re-running this script phase.\necho \"SUCCESS\" > \"${SCRIPT_OUTPUT_FILE_0}\"\n";
			showEnvVarsInLog = 0;
		};
		AA0AB03ABBD768F68FA3B09F /* [CP] Check Pods Manifest.lock */ = {
			isa = PBXShellScriptBuildPhase;
			buildActionMask = 2147483647;
			files = (
			);
			inputFileListPaths = (
			);
			inputPaths = (
				"${PODS_PODFILE_DIR_PATH}/Podfile.lock",
				"${PODS_ROOT}/Manifest.lock",
			);
			name = "[CP] Check Pods Manifest.lock";
			outputFileListPaths = (
			);
			outputPaths = (
				"$(DERIVED_FILE_DIR)/Pods-Rarefinder-RarefinderUITests-checkManifestLockResult.txt",
			);
			runOnlyForDeploymentPostprocessing = 0;
			shellPath = /bin/sh;
			shellScript = "diff \"${PODS_PODFILE_DIR_PATH}/Podfile.lock\" \"${PODS_ROOT}/Manifest.lock\" > /dev/null\nif [ $? != 0 ] ; then\n    # print error to STDERR\n    echo \"error: The sandbox is not in sync with the Podfile.lock. Run 'pod install' or update your CocoaPods installation.\" >&2\n    exit 1\nfi\n# This output is used by Xcode 'outputs' to avoid re-running this script phase.\necho \"SUCCESS\" > \"${SCRIPT_OUTPUT_FILE_0}\"\n";
			showEnvVarsInLog = 0;
		};
		C1A94B765227CAE4C699C955 /* [CP] Embed Pods Frameworks */ = {
			isa = PBXShellScriptBuildPhase;
			buildActionMask = 2147483647;
			files = (
			);
			inputFileListPaths = (
				"${PODS_ROOT}/Target Support Files/Pods-Rarefinder/Pods-Rarefinder-frameworks-${CONFIGURATION}-input-files.xcfilelist",
			);
			name = "[CP] Embed Pods Frameworks";
			outputFileListPaths = (
				"${PODS_ROOT}/Target Support Files/Pods-Rarefinder/Pods-Rarefinder-frameworks-${CONFIGURATION}-output-files.xcfilelist",
			);
			runOnlyForDeploymentPostprocessing = 0;
			shellPath = /bin/sh;
			shellScript = "\"${PODS_ROOT}/Target Support Files/Pods-Rarefinder/Pods-Rarefinder-frameworks.sh\"\n";
			showEnvVarsInLog = 0;
		};
		FA534B46922CE17C440D50B8 /* [CP] Check Pods Manifest.lock */ = {
			isa = PBXShellScriptBuildPhase;
			buildActionMask = 2147483647;
			files = (
			);
			inputFileListPaths = (
			);
			inputPaths = (
				"${PODS_PODFILE_DIR_PATH}/Podfile.lock",
				"${PODS_ROOT}/Manifest.lock",
			);
			name = "[CP] Check Pods Manifest.lock";
			outputFileListPaths = (
			);
			outputPaths = (
				"$(DERIVED_FILE_DIR)/Pods-Rarefinder-checkManifestLockResult.txt",
			);
			runOnlyForDeploymentPostprocessing = 0;
			shellPath = /bin/sh;
			shellScript = "diff \"${PODS_PODFILE_DIR_PATH}/Podfile.lock\" \"${PODS_ROOT}/Manifest.lock\" > /dev/null\nif [ $? != 0 ] ; then\n    # print error to STDERR\n    echo \"error: The sandbox is not in sync with the Podfile.lock. Run 'pod install' or update your CocoaPods installation.\" >&2\n    exit 1\nfi\n# This output is used by Xcode 'outputs' to avoid re-running this script phase.\necho \"SUCCESS\" > \"${SCRIPT_OUTPUT_FILE_0}\"\n";
			showEnvVarsInLog = 0;
		};
/* End PBXShellScriptBuildPhase section */

/* Begin PBXSourcesBuildPhase section */
		012EB341245FCB230097AC7C /* Sources */ = {
			isa = PBXSourcesBuildPhase;
			buildActionMask = 2147483647;
			files = (
				012ED1D624626551000696CB /* DbProvider.swift in Sources */,
				0127BADF2460D38000411C81 /* LoginViewController.swift in Sources */,
				012EB34F245FCB230097AC7C /* SecondViewController.swift in Sources */,
				012EB34D245FCB230097AC7C /* MapViewController.swift in Sources */,
				01415FA42460F6FF00F2BAD7 /* Checkmark.swift in Sources */,
				0127BADD2460D37200411C81 /* SigninViewController.swift in Sources */,
				012EB349245FCB230097AC7C /* AppDelegate.swift in Sources */,
				0127BADB2460D09D00411C81 /* QuickStartViewController.swift in Sources */,
				01415FA22460F6EF00F2BAD7 /* Alerts.swift in Sources */,
				01415F9E2460F64100F2BAD7 /* AuthProvider.swift in Sources */,
				012EB34B245FCB230097AC7C /* SceneDelegate.swift in Sources */,
				01415F992460F16900F2BAD7 /* Constants.swift in Sources */,
			);
			runOnlyForDeploymentPostprocessing = 0;
		};
		012EB359245FCB250097AC7C /* Sources */ = {
			isa = PBXSourcesBuildPhase;
			buildActionMask = 2147483647;
			files = (
				012EB362245FCB250097AC7C /* RarefinderTests.swift in Sources */,
			);
			runOnlyForDeploymentPostprocessing = 0;
		};
		012EB364245FCB250097AC7C /* Sources */ = {
			isa = PBXSourcesBuildPhase;
			buildActionMask = 2147483647;
			files = (
				012EB36D245FCB250097AC7C /* RarefinderUITests.swift in Sources */,
			);
			runOnlyForDeploymentPostprocessing = 0;
		};
/* End PBXSourcesBuildPhase section */

/* Begin PBXTargetDependency section */
		012EB35F245FCB250097AC7C /* PBXTargetDependency */ = {
			isa = PBXTargetDependency;
			target = 012EB344245FCB230097AC7C /* Rarefinder */;
			targetProxy = 012EB35E245FCB250097AC7C /* PBXContainerItemProxy */;
		};
		012EB36A245FCB250097AC7C /* PBXTargetDependency */ = {
			isa = PBXTargetDependency;
			target = 012EB344245FCB230097AC7C /* Rarefinder */;
			targetProxy = 012EB369245FCB250097AC7C /* PBXContainerItemProxy */;
		};
/* End PBXTargetDependency section */

/* Begin PBXVariantGroup section */
		012EB350245FCB230097AC7C /* Main.storyboard */ = {
			isa = PBXVariantGroup;
			children = (
				012EB351245FCB230097AC7C /* Base */,
			);
			name = Main.storyboard;
			sourceTree = "<group>";
		};
		012EB355245FCB250097AC7C /* LaunchScreen.storyboard */ = {
			isa = PBXVariantGroup;
			children = (
				012EB356245FCB250097AC7C /* Base */,
			);
			name = LaunchScreen.storyboard;
			sourceTree = "<group>";
		};
/* End PBXVariantGroup section */

/* Begin XCBuildConfiguration section */
		012EB36F245FCB250097AC7C /* Debug */ = {
			isa = XCBuildConfiguration;
			buildSettings = {
				ALWAYS_SEARCH_USER_PATHS = NO;
				CLANG_ANALYZER_NONNULL = YES;
				CLANG_ANALYZER_NUMBER_OBJECT_CONVERSION = YES_AGGRESSIVE;
				CLANG_CXX_LANGUAGE_STANDARD = "gnu++14";
				CLANG_CXX_LIBRARY = "libc++";
				CLANG_ENABLE_MODULES = YES;
				CLANG_ENABLE_OBJC_ARC = YES;
				CLANG_ENABLE_OBJC_WEAK = YES;
				CLANG_WARN_BLOCK_CAPTURE_AUTORELEASING = YES;
				CLANG_WARN_BOOL_CONVERSION = YES;
				CLANG_WARN_COMMA = YES;
				CLANG_WARN_CONSTANT_CONVERSION = YES;
				CLANG_WARN_DEPRECATED_OBJC_IMPLEMENTATIONS = YES;
				CLANG_WARN_DIRECT_OBJC_ISA_USAGE = YES_ERROR;
				CLANG_WARN_DOCUMENTATION_COMMENTS = YES;
				CLANG_WARN_EMPTY_BODY = YES;
				CLANG_WARN_ENUM_CONVERSION = YES;
				CLANG_WARN_INFINITE_RECURSION = YES;
				CLANG_WARN_INT_CONVERSION = YES;
				CLANG_WARN_NON_LITERAL_NULL_CONVERSION = YES;
				CLANG_WARN_OBJC_IMPLICIT_RETAIN_SELF = YES;
				CLANG_WARN_OBJC_LITERAL_CONVERSION = YES;
				CLANG_WARN_OBJC_ROOT_CLASS = YES_ERROR;
				CLANG_WARN_RANGE_LOOP_ANALYSIS = YES;
				CLANG_WARN_STRICT_PROTOTYPES = YES;
				CLANG_WARN_SUSPICIOUS_MOVE = YES;
				CLANG_WARN_UNGUARDED_AVAILABILITY = YES_AGGRESSIVE;
				CLANG_WARN_UNREACHABLE_CODE = YES;
				CLANG_WARN__DUPLICATE_METHOD_MATCH = YES;
				COPY_PHASE_STRIP = NO;
				DEBUG_INFORMATION_FORMAT = dwarf;
				ENABLE_STRICT_OBJC_MSGSEND = YES;
				ENABLE_TESTABILITY = YES;
				GCC_C_LANGUAGE_STANDARD = gnu11;
				GCC_DYNAMIC_NO_PIC = NO;
				GCC_NO_COMMON_BLOCKS = YES;
				GCC_OPTIMIZATION_LEVEL = 0;
				GCC_PREPROCESSOR_DEFINITIONS = (
					"DEBUG=1",
					"$(inherited)",
				);
				GCC_WARN_64_TO_32_BIT_CONVERSION = YES;
				GCC_WARN_ABOUT_RETURN_TYPE = YES_ERROR;
				GCC_WARN_UNDECLARED_SELECTOR = YES;
				GCC_WARN_UNINITIALIZED_AUTOS = YES_AGGRESSIVE;
				GCC_WARN_UNUSED_FUNCTION = YES;
				GCC_WARN_UNUSED_VARIABLE = YES;
				IPHONEOS_DEPLOYMENT_TARGET = 13.2;
				MTL_ENABLE_DEBUG_INFO = INCLUDE_SOURCE;
				MTL_FAST_MATH = YES;
				ONLY_ACTIVE_ARCH = YES;
				SDKROOT = iphoneos;
				SWIFT_ACTIVE_COMPILATION_CONDITIONS = DEBUG;
				SWIFT_OPTIMIZATION_LEVEL = "-Onone";
			};
			name = Debug;
		};
		012EB370245FCB250097AC7C /* Release */ = {
			isa = XCBuildConfiguration;
			buildSettings = {
				ALWAYS_SEARCH_USER_PATHS = NO;
				CLANG_ANALYZER_NONNULL = YES;
				CLANG_ANALYZER_NUMBER_OBJECT_CONVERSION = YES_AGGRESSIVE;
				CLANG_CXX_LANGUAGE_STANDARD = "gnu++14";
				CLANG_CXX_LIBRARY = "libc++";
				CLANG_ENABLE_MODULES = YES;
				CLANG_ENABLE_OBJC_ARC = YES;
				CLANG_ENABLE_OBJC_WEAK = YES;
				CLANG_WARN_BLOCK_CAPTURE_AUTORELEASING = YES;
				CLANG_WARN_BOOL_CONVERSION = YES;
				CLANG_WARN_COMMA = YES;
				CLANG_WARN_CONSTANT_CONVERSION = YES;
				CLANG_WARN_DEPRECATED_OBJC_IMPLEMENTATIONS = YES;
				CLANG_WARN_DIRECT_OBJC_ISA_USAGE = YES_ERROR;
				CLANG_WARN_DOCUMENTATION_COMMENTS = YES;
				CLANG_WARN_EMPTY_BODY = YES;
				CLANG_WARN_ENUM_CONVERSION = YES;
				CLANG_WARN_INFINITE_RECURSION = YES;
				CLANG_WARN_INT_CONVERSION = YES;
				CLANG_WARN_NON_LITERAL_NULL_CONVERSION = YES;
				CLANG_WARN_OBJC_IMPLICIT_RETAIN_SELF = YES;
				CLANG_WARN_OBJC_LITERAL_CONVERSION = YES;
				CLANG_WARN_OBJC_ROOT_CLASS = YES_ERROR;
				CLANG_WARN_RANGE_LOOP_ANALYSIS = YES;
				CLANG_WARN_STRICT_PROTOTYPES = YES;
				CLANG_WARN_SUSPICIOUS_MOVE = YES;
				CLANG_WARN_UNGUARDED_AVAILABILITY = YES_AGGRESSIVE;
				CLANG_WARN_UNREACHABLE_CODE = YES;
				CLANG_WARN__DUPLICATE_METHOD_MATCH = YES;
				COPY_PHASE_STRIP = NO;
				DEBUG_INFORMATION_FORMAT = "dwarf-with-dsym";
				ENABLE_NS_ASSERTIONS = NO;
				ENABLE_STRICT_OBJC_MSGSEND = YES;
				GCC_C_LANGUAGE_STANDARD = gnu11;
				GCC_NO_COMMON_BLOCKS = YES;
				GCC_WARN_64_TO_32_BIT_CONVERSION = YES;
				GCC_WARN_ABOUT_RETURN_TYPE = YES_ERROR;
				GCC_WARN_UNDECLARED_SELECTOR = YES;
				GCC_WARN_UNINITIALIZED_AUTOS = YES_AGGRESSIVE;
				GCC_WARN_UNUSED_FUNCTION = YES;
				GCC_WARN_UNUSED_VARIABLE = YES;
				IPHONEOS_DEPLOYMENT_TARGET = 13.2;
				MTL_ENABLE_DEBUG_INFO = NO;
				MTL_FAST_MATH = YES;
				SDKROOT = iphoneos;
				SWIFT_COMPILATION_MODE = wholemodule;
				SWIFT_OPTIMIZATION_LEVEL = "-O";
				VALIDATE_PRODUCT = YES;
			};
			name = Release;
		};
		012EB372245FCB250097AC7C /* Debug */ = {
			isa = XCBuildConfiguration;
			baseConfigurationReference = 8CFB4C7274F8EA7C22381C76 /* Pods-Rarefinder.debug.xcconfig */;
			buildSettings = {
				ASSETCATALOG_COMPILER_APPICON_NAME = AppIcon;
				CODE_SIGN_STYLE = Automatic;
				DEVELOPMENT_TEAM = F7PTT3CN33;
				INFOPLIST_FILE = Rarefinder/Info.plist;
				LD_RUNPATH_SEARCH_PATHS = (
					"$(inherited)",
					"@executable_path/Frameworks",
				);
				PRODUCT_BUNDLE_IDENTIFIER = jnknv.Rarefinder;
				PRODUCT_NAME = "$(TARGET_NAME)";
				SWIFT_VERSION = 5.0;
				TARGETED_DEVICE_FAMILY = "1,2";
			};
			name = Debug;
		};
		012EB373245FCB250097AC7C /* Release */ = {
			isa = XCBuildConfiguration;
			baseConfigurationReference = 34DDDBCFB9B64FF5CAE077EC /* Pods-Rarefinder.release.xcconfig */;
			buildSettings = {
				ASSETCATALOG_COMPILER_APPICON_NAME = AppIcon;
				CODE_SIGN_STYLE = Automatic;
				DEVELOPMENT_TEAM = F7PTT3CN33;
				INFOPLIST_FILE = Rarefinder/Info.plist;
				LD_RUNPATH_SEARCH_PATHS = (
					"$(inherited)",
					"@executable_path/Frameworks",
				);
				PRODUCT_BUNDLE_IDENTIFIER = jnknv.Rarefinder;
				PRODUCT_NAME = "$(TARGET_NAME)";
				SWIFT_VERSION = 5.0;
				TARGETED_DEVICE_FAMILY = "1,2";
			};
			name = Release;
		};
		012EB375245FCB250097AC7C /* Debug */ = {
			isa = XCBuildConfiguration;
			baseConfigurationReference = 010046881811D46A6649DE10 /* Pods-RarefinderTests.debug.xcconfig */;
			buildSettings = {
				ALWAYS_EMBED_SWIFT_STANDARD_LIBRARIES = YES;
				BUNDLE_LOADER = "$(TEST_HOST)";
				CODE_SIGN_STYLE = Automatic;
				DEVELOPMENT_TEAM = F7PTT3CN33;
				INFOPLIST_FILE = RarefinderTests/Info.plist;
				IPHONEOS_DEPLOYMENT_TARGET = 13.2;
				LD_RUNPATH_SEARCH_PATHS = (
					"$(inherited)",
					"@executable_path/Frameworks",
					"@loader_path/Frameworks",
				);
				PRODUCT_BUNDLE_IDENTIFIER = jnknv.RarefinderTests;
				PRODUCT_NAME = "$(TARGET_NAME)";
				SWIFT_VERSION = 5.0;
				TARGETED_DEVICE_FAMILY = "1,2";
				TEST_HOST = "$(BUILT_PRODUCTS_DIR)/Rarefinder.app/Rarefinder";
			};
			name = Debug;
		};
		012EB376245FCB250097AC7C /* Release */ = {
			isa = XCBuildConfiguration;
			baseConfigurationReference = 54D879641626A8E6123826B0 /* Pods-RarefinderTests.release.xcconfig */;
			buildSettings = {
				ALWAYS_EMBED_SWIFT_STANDARD_LIBRARIES = YES;
				BUNDLE_LOADER = "$(TEST_HOST)";
				CODE_SIGN_STYLE = Automatic;
				DEVELOPMENT_TEAM = F7PTT3CN33;
				INFOPLIST_FILE = RarefinderTests/Info.plist;
				IPHONEOS_DEPLOYMENT_TARGET = 13.2;
				LD_RUNPATH_SEARCH_PATHS = (
					"$(inherited)",
					"@executable_path/Frameworks",
					"@loader_path/Frameworks",
				);
				PRODUCT_BUNDLE_IDENTIFIER = jnknv.RarefinderTests;
				PRODUCT_NAME = "$(TARGET_NAME)";
				SWIFT_VERSION = 5.0;
				TARGETED_DEVICE_FAMILY = "1,2";
				TEST_HOST = "$(BUILT_PRODUCTS_DIR)/Rarefinder.app/Rarefinder";
			};
			name = Release;
		};
		012EB378245FCB250097AC7C /* Debug */ = {
			isa = XCBuildConfiguration;
			baseConfigurationReference = 39BBAE6127E38688B36EF94F /* Pods-Rarefinder-RarefinderUITests.debug.xcconfig */;
			buildSettings = {
				ALWAYS_EMBED_SWIFT_STANDARD_LIBRARIES = YES;
				CODE_SIGN_STYLE = Automatic;
				DEVELOPMENT_TEAM = F7PTT3CN33;
				INFOPLIST_FILE = RarefinderUITests/Info.plist;
				LD_RUNPATH_SEARCH_PATHS = (
					"$(inherited)",
					"@executable_path/Frameworks",
					"@loader_path/Frameworks",
				);
				PRODUCT_BUNDLE_IDENTIFIER = jnknv.RarefinderUITests;
				PRODUCT_NAME = "$(TARGET_NAME)";
				SWIFT_VERSION = 5.0;
				TARGETED_DEVICE_FAMILY = "1,2";
				TEST_TARGET_NAME = Rarefinder;
			};
			name = Debug;
		};
		012EB379245FCB250097AC7C /* Release */ = {
			isa = XCBuildConfiguration;
			baseConfigurationReference = 9A1425F029EA5526830B4473 /* Pods-Rarefinder-RarefinderUITests.release.xcconfig */;
			buildSettings = {
				ALWAYS_EMBED_SWIFT_STANDARD_LIBRARIES = YES;
				CODE_SIGN_STYLE = Automatic;
				DEVELOPMENT_TEAM = F7PTT3CN33;
				INFOPLIST_FILE = RarefinderUITests/Info.plist;
				LD_RUNPATH_SEARCH_PATHS = (
					"$(inherited)",
					"@executable_path/Frameworks",
					"@loader_path/Frameworks",
				);
				PRODUCT_BUNDLE_IDENTIFIER = jnknv.RarefinderUITests;
				PRODUCT_NAME = "$(TARGET_NAME)";
				SWIFT_VERSION = 5.0;
				TARGETED_DEVICE_FAMILY = "1,2";
				TEST_TARGET_NAME = Rarefinder;
			};
			name = Release;
		};
/* End XCBuildConfiguration section */

/* Begin XCConfigurationList section */
		012EB340245FCB230097AC7C /* Build configuration list for PBXProject "Rarefinder" */ = {
			isa = XCConfigurationList;
			buildConfigurations = (
				012EB36F245FCB250097AC7C /* Debug */,
				012EB370245FCB250097AC7C /* Release */,
			);
			defaultConfigurationIsVisible = 0;
			defaultConfigurationName = Release;
		};
		012EB371245FCB250097AC7C /* Build configuration list for PBXNativeTarget "Rarefinder" */ = {
			isa = XCConfigurationList;
			buildConfigurations = (
				012EB372245FCB250097AC7C /* Debug */,
				012EB373245FCB250097AC7C /* Release */,
			);
			defaultConfigurationIsVisible = 0;
			defaultConfigurationName = Release;
		};
		012EB374245FCB250097AC7C /* Build configuration list for PBXNativeTarget "RarefinderTests" */ = {
			isa = XCConfigurationList;
			buildConfigurations = (
				012EB375245FCB250097AC7C /* Debug */,
				012EB376245FCB250097AC7C /* Release */,
			);
			defaultConfigurationIsVisible = 0;
			defaultConfigurationName = Release;
		};
		012EB377245FCB250097AC7C /* Build configuration list for PBXNativeTarget "RarefinderUITests" */ = {
			isa = XCConfigurationList;
			buildConfigurations = (
				012EB378245FCB250097AC7C /* Debug */,
				012EB379245FCB250097AC7C /* Release */,
			);
			defaultConfigurationIsVisible = 0;
			defaultConfigurationName = Release;
		};
/* End XCConfigurationList section */
	};
	rootObject = 012EB33D245FCB230097AC7C /* Project object */;
}
